
Microsoft Visual Studio Solution File, Format Version 12.00
# Visual Studio Version 17
VisualStudioVersion = 17.5.33516.290
MinimumVisualStudioVersion = 10.0.40219.1
Project("{FAE04EC0-301F-11D3-BF4B-00C04F79EFBC}") = "SistemaNassau", "SistemaNassau\SistemaNassau.csproj", "{BC29F861-76AD-43A3-9F49-6352727B24BD}"
EndProject
Global
	GlobalSection(SolutionConfigurationPlatforms) = preSolution
		Debug|Any CPU = Debug|Any CPU
		Release|Any CPU = Release|Any CPU
	EndGlobalSection
	GlobalSection(ProjectConfigurationPlatforms) = postSolution
		{BC29F861-76AD-43A3-9F49-6352727B24BD}.Debug|Any CPU.ActiveCfg = Debug|Any CPU
		{BC29F861-76AD-43A3-9F49-6352727B24BD}.Debug|Any CPU.Build.0 = Debug|Any CPU
		{BC29F861-76AD-43A3-9F49-6352727B24BD}.Release|Any CPU.ActiveCfg = Release|Any CPU
		{BC29F861-76AD-43A3-9F49-6352727B24BD}.Release|Any CPU.Build.0 = Release|Any CPU
	EndGlobalSection
	GlobalSection(SolutionProperties) = preSolution
		HideSolutionNode = FALSE
	EndGlobalSection
	GlobalSection(ExtensibilityGlobals) = postSolution
		SolutionGuid = {B425B24D-1C9D-4B4F-9CF5-BCD5A5A5F452}
	EndGlobalSection
EndGlobal
