
Microsoft Visual Studio Solution File, Format Version 12.00
# Visual Studio Version 17
VisualStudioVersion = 17.5.33516.290
MinimumVisualStudioVersion = 10.0.40219.1
Project("{9A19103F-16F7-4668-BE54-9A1E7A4F7556}") = "SistemaNassau", "SistemaNassau\SistemaNassau.csproj", "{BC29F861-76AD-43A3-9F49-6352727B24BD}"
EndProject
Project("{2150E333-8FDC-42A3-9474-1A3956D46DE8}") = "1-Web", "1-Web", "{19E5D92F-9FC1-49B4-B9DF-7D626AEB8A06}"
EndProject
Project("{2150E333-8FDC-42A3-9474-1A3956D46DE8}") = "2-Application", "2-Application", "{933EAF14-19EE-4B82-9AE9-CF1D63A8BAB8}"
EndProject
Project("{2150E333-8FDC-42A3-9474-1A3956D46DE8}") = "3-Domain", "3-Domain", "{F21389E2-59C5-4FCF-B51A-351F9975D7C4}"
EndProject
Project("{2150E333-8FDC-42A3-9474-1A3956D46DE8}") = "4-Infra", "4-Infra", "{D373E503-2F96-4C97-9F20-25252A1958B2}"
EndProject
Project("{9A19103F-16F7-4668-BE54-9A1E7A4F7556}") = "SistemaNassau.Application", "SistemaNassau.Application\SistemaNassau.Application.csproj", "{E2846AB3-F892-4DE0-92E2-5707BC13AC7A}"
EndProject
Project("{9A19103F-16F7-4668-BE54-9A1E7A4F7556}") = "SistemaNassau.Domain", "SistemaNassau.Domain\SistemaNassau.Domain.csproj", "{648D143C-2BE5-4208-A9D4-CC2EFE939D6D}"
EndProject
Project("{9A19103F-16F7-4668-BE54-9A1E7A4F7556}") = "SistemaNassau.Infra", "SistemaNassau.Infra\SistemaNassau.Infra.csproj", "{630CB4E1-D600-452E-9EC4-B2301E097860}"
EndProject
Project("{2150E333-8FDC-42A3-9474-1A3956D46DE8}") = "4.1-Data", "4.1-Data", "{78761597-39BE-439D-9BAC-FC4EAE3CF0F7}"
EndProject
Project("{2150E333-8FDC-42A3-9474-1A3956D46DE8}") = "4.2-CrossCuting", "4.2-CrossCuting", "{7217AF65-F830-4481-A493-FF8AE00C8BA6}"
EndProject
Project("{FAE04EC0-301F-11D3-BF4B-00C04F79EFBC}") = "Template.IoC", "Template.IoC\Template.IoC.csproj", "{66903520-E06C-4B79-B323-532C0EEB3821}"
EndProject
Global
	GlobalSection(SolutionConfigurationPlatforms) = preSolution
		Debug|Any CPU = Debug|Any CPU
		Release|Any CPU = Release|Any CPU
	EndGlobalSection
	GlobalSection(ProjectConfigurationPlatforms) = postSolution
		{BC29F861-76AD-43A3-9F49-6352727B24BD}.Debug|Any CPU.ActiveCfg = Debug|Any CPU
		{BC29F861-76AD-43A3-9F49-6352727B24BD}.Debug|Any CPU.Build.0 = Debug|Any CPU
		{BC29F861-76AD-43A3-9F49-6352727B24BD}.Release|Any CPU.ActiveCfg = Release|Any CPU
		{BC29F861-76AD-43A3-9F49-6352727B24BD}.Release|Any CPU.Build.0 = Release|Any CPU
		{E2846AB3-F892-4DE0-92E2-5707BC13AC7A}.Debug|Any CPU.ActiveCfg = Debug|Any CPU
		{E2846AB3-F892-4DE0-92E2-5707BC13AC7A}.Debug|Any CPU.Build.0 = Debug|Any CPU
		{E2846AB3-F892-4DE0-92E2-5707BC13AC7A}.Release|Any CPU.ActiveCfg = Release|Any CPU
		{E2846AB3-F892-4DE0-92E2-5707BC13AC7A}.Release|Any CPU.Build.0 = Release|Any CPU
		{648D143C-2BE5-4208-A9D4-CC2EFE939D6D}.Debug|Any CPU.ActiveCfg = Debug|Any CPU
		{648D143C-2BE5-4208-A9D4-CC2EFE939D6D}.Debug|Any CPU.Build.0 = Debug|Any CPU
		{648D143C-2BE5-4208-A9D4-CC2EFE939D6D}.Release|Any CPU.ActiveCfg = Release|Any CPU
		{648D143C-2BE5-4208-A9D4-CC2EFE939D6D}.Release|Any CPU.Build.0 = Release|Any CPU
		{630CB4E1-D600-452E-9EC4-B2301E097860}.Debug|Any CPU.ActiveCfg = Debug|Any CPU
		{630CB4E1-D600-452E-9EC4-B2301E097860}.Debug|Any CPU.Build.0 = Debug|Any CPU
		{630CB4E1-D600-452E-9EC4-B2301E097860}.Release|Any CPU.ActiveCfg = Release|Any CPU
		{630CB4E1-D600-452E-9EC4-B2301E097860}.Release|Any CPU.Build.0 = Release|Any CPU
		{66903520-E06C-4B79-B323-532C0EEB3821}.Debug|Any CPU.ActiveCfg = Debug|Any CPU
		{66903520-E06C-4B79-B323-532C0EEB3821}.Debug|Any CPU.Build.0 = Debug|Any CPU
		{66903520-E06C-4B79-B323-532C0EEB3821}.Release|Any CPU.ActiveCfg = Release|Any CPU
		{66903520-E06C-4B79-B323-532C0EEB3821}.Release|Any CPU.Build.0 = Release|Any CPU
	EndGlobalSection
	GlobalSection(SolutionProperties) = preSolution
		HideSolutionNode = FALSE
	EndGlobalSection
	GlobalSection(NestedProjects) = preSolution
		{BC29F861-76AD-43A3-9F49-6352727B24BD} = {19E5D92F-9FC1-49B4-B9DF-7D626AEB8A06}
		{E2846AB3-F892-4DE0-92E2-5707BC13AC7A} = {933EAF14-19EE-4B82-9AE9-CF1D63A8BAB8}
		{648D143C-2BE5-4208-A9D4-CC2EFE939D6D} = {F21389E2-59C5-4FCF-B51A-351F9975D7C4}
		{630CB4E1-D600-452E-9EC4-B2301E097860} = {78761597-39BE-439D-9BAC-FC4EAE3CF0F7}
		{78761597-39BE-439D-9BAC-FC4EAE3CF0F7} = {D373E503-2F96-4C97-9F20-25252A1958B2}
		{7217AF65-F830-4481-A493-FF8AE00C8BA6} = {D373E503-2F96-4C97-9F20-25252A1958B2}
		{66903520-E06C-4B79-B323-532C0EEB3821} = {7217AF65-F830-4481-A493-FF8AE00C8BA6}
	EndGlobalSection
	GlobalSection(ExtensibilityGlobals) = postSolution
		SolutionGuid = {B425B24D-1C9D-4B4F-9CF5-BCD5A5A5F452}
	EndGlobalSection
EndGlobal
